
Microsoft Visual Studio Solution File, Format Version 11.00
# Visual Studio 2010
Project("{FAE04EC0-301F-11D3-BF4B-00C04F79EFBC}") = "Assembly-CSharp", "Assembly-CSharp.csproj", "{FBB5A25D-353D-C5C9-1B61-B8F3F1C2C79F}"
EndProject
Project("{FAE04EC0-301F-11D3-BF4B-00C04F79EFBC}") = "Assembly-CSharp-Editor-firstpass", "Assembly-CSharp-Editor-firstpass.csproj", "{F2559516-5FB0-CE91-D296-18D356BDC190}"
EndProject
Global
	GlobalSection(SolutionConfigurationPlatforms) = preSolution
		Debug|Any CPU = Debug|Any CPU
		Release|Any CPU = Release|Any CPU
	EndGlobalSection
	GlobalSection(ProjectConfigurationPlatforms) = postSolution
		{FBB5A25D-353D-C5C9-1B61-B8F3F1C2C79F}.Debug|Any CPU.ActiveCfg = Debug|Any CPU
		{FBB5A25D-353D-C5C9-1B61-B8F3F1C2C79F}.Debug|Any CPU.Build.0 = Debug|Any CPU
		{FBB5A25D-353D-C5C9-1B61-B8F3F1C2C79F}.Release|Any CPU.ActiveCfg = Release|Any CPU
		{FBB5A25D-353D-C5C9-1B61-B8F3F1C2C79F}.Release|Any CPU.Build.0 = Release|Any CPU
		{F2559516-5FB0-CE91-D296-18D356BDC190}.Debug|Any CPU.ActiveCfg = Debug|Any CPU
		{F2559516-5FB0-CE91-D296-18D356BDC190}.Debug|Any CPU.Build.0 = Debug|Any CPU
		{F2559516-5FB0-CE91-D296-18D356BDC190}.Release|Any CPU.ActiveCfg = Release|Any CPU
		{F2559516-5FB0-CE91-D296-18D356BDC190}.Release|Any CPU.Build.0 = Release|Any CPU
	EndGlobalSection
	GlobalSection(SolutionProperties) = preSolution
		HideSolutionNode = FALSE
	EndGlobalSection
	GlobalSection(MonoDevelopProperties) = preSolution
		StartupItem = Assembly-CSharp.csproj
	EndGlobalSection
EndGlobal
